// !$*UTF8*$!
{
	archiveVersion = 1;
	classes = {
	};
	objectVersion = 46;
	objects = {

/* Begin PBXBuildFile section */
		87ACFC7617610F9700E85FA4 /* UIKit.framework in Frameworks */ = {isa = PBXBuildFile; fileRef = 87ACFC7517610F9700E85FA4 /* UIKit.framework */; };
		87ACFC7817610F9700E85FA4 /* Foundation.framework in Frameworks */ = {isa = PBXBuildFile; fileRef = 87ACFC7717610F9700E85FA4 /* Foundation.framework */; };
		87ACFC7A17610F9700E85FA4 /* CoreGraphics.framework in Frameworks */ = {isa = PBXBuildFile; fileRef = 87ACFC7917610F9700E85FA4 /* CoreGraphics.framework */; };
		87ACFC8017610F9700E85FA4 /* InfoPlist.strings in Resources */ = {isa = PBXBuildFile; fileRef = 87ACFC7E17610F9700E85FA4 /* InfoPlist.strings */; };
		87ACFC8217610F9700E85FA4 /* main.m in Sources */ = {isa = PBXBuildFile; fileRef = 87ACFC8117610F9700E85FA4 /* main.m */; };
		87ACFC8617610F9700E85FA4 /* ELBAppDelegate.m in Sources */ = {isa = PBXBuildFile; fileRef = 87ACFC8517610F9700E85FA4 /* ELBAppDelegate.m */; };
		87ACFC8817610F9700E85FA4 /* Default.png in Resources */ = {isa = PBXBuildFile; fileRef = 87ACFC8717610F9700E85FA4 /* Default.png */; };
		87ACFC8A17610F9700E85FA4 /* Default@2x.png in Resources */ = {isa = PBXBuildFile; fileRef = 87ACFC8917610F9700E85FA4 /* Default@2x.png */; };
		87ACFC8C17610F9700E85FA4 /* Default-568h@2x.png in Resources */ = {isa = PBXBuildFile; fileRef = 87ACFC8B17610F9700E85FA4 /* Default-568h@2x.png */; };
		87ACFC8F17610F9700E85FA4 /* MainStoryboard_iPhone.storyboard in Resources */ = {isa = PBXBuildFile; fileRef = 87ACFC8D17610F9700E85FA4 /* MainStoryboard_iPhone.storyboard */; };
		87ACFC9717610F9700E85FA4 /* first.png in Resources */ = {isa = PBXBuildFile; fileRef = 87ACFC9617610F9700E85FA4 /* first.png */; };
		87ACFC9917610F9700E85FA4 /* first@2x.png in Resources */ = {isa = PBXBuildFile; fileRef = 87ACFC9817610F9700E85FA4 /* first@2x.png */; };
		87ACFC9E17610F9700E85FA4 /* second.png in Resources */ = {isa = PBXBuildFile; fileRef = 87ACFC9D17610F9700E85FA4 /* second.png */; };
		87ACFCA017610F9700E85FA4 /* second@2x.png in Resources */ = {isa = PBXBuildFile; fileRef = 87ACFC9F17610F9700E85FA4 /* second@2x.png */; };
		87ACFCA917610F9700E85FA4 /* UIKit.framework in Frameworks */ = {isa = PBXBuildFile; fileRef = 87ACFC7517610F9700E85FA4 /* UIKit.framework */; };
		87ACFCAA17610F9700E85FA4 /* Foundation.framework in Frameworks */ = {isa = PBXBuildFile; fileRef = 87ACFC7717610F9700E85FA4 /* Foundation.framework */; };
		87ACFCB217610F9800E85FA4 /* InfoPlist.strings in Resources */ = {isa = PBXBuildFile; fileRef = 87ACFCB017610F9800E85FA4 /* InfoPlist.strings */; };
		87ACFCB517610F9800E85FA4 /* newsAppTests.m in Sources */ = {isa = PBXBuildFile; fileRef = 87ACFCB417610F9800E85FA4 /* newsAppTests.m */; };
		87AFCF16176498770051ED7C /* ELBNoticiasViewController.m in Sources */ = {isa = PBXBuildFile; fileRef = 87AFCF15176498770051ED7C /* ELBNoticiasViewController.m */; };
		87AFCF19176498870051ED7C /* ELBArticuloViewController.m in Sources */ = {isa = PBXBuildFile; fileRef = 87AFCF18176498870051ED7C /* ELBArticuloViewController.m */; };
		87B0EC701769B92C003D8435 /* modeloNewsApp.xcdatamodeld in Sources */ = {isa = PBXBuildFile; fileRef = 87B0EC6E1769B92C003D8435 /* modeloNewsApp.xcdatamodeld */; };
		87B86D28176A13AD00169705 /* CoreData.framework in Frameworks */ = {isa = PBXBuildFile; fileRef = 87B86D27176A13AD00169705 /* CoreData.framework */; };
		87B94C44190A74F0008DD279 /* leeme-STTwitter in Resources */ = {isa = PBXBuildFile; fileRef = 87B94C33190A74F0008DD279 /* leeme-STTwitter */; };
		87B94C45190A74F0008DD279 /* NSString+STTwitter.m in Sources */ = {isa = PBXBuildFile; fileRef = 87B94C35190A74F0008DD279 /* NSString+STTwitter.m */; settings = {COMPILER_FLAGS = "-fno-objc-arc"; }; };
		87B94C46190A74F0008DD279 /* STTwitterAPIWrapper.m in Sources */ = {isa = PBXBuildFile; fileRef = 87B94C37190A74F0008DD279 /* STTwitterAPIWrapper.m */; settings = {COMPILER_FLAGS = "-fno-objc-arc"; }; };
		87B94C47190A74F0008DD279 /* STTwitterAppOnly.m in Sources */ = {isa = PBXBuildFile; fileRef = 87B94C39190A74F0008DD279 /* STTwitterAppOnly.m */; settings = {COMPILER_FLAGS = "-fno-objc-arc"; }; };
		87B94C48190A74F0008DD279 /* STTwitterHTML.m in Sources */ = {isa = PBXBuildFile; fileRef = 87B94C3B190A74F0008DD279 /* STTwitterHTML.m */; settings = {COMPILER_FLAGS = "-fno-objc-arc"; }; };
		87B94C49190A74F0008DD279 /* STTwitterOAuth.m in Sources */ = {isa = PBXBuildFile; fileRef = 87B94C3D190A74F0008DD279 /* STTwitterOAuth.m */; settings = {COMPILER_FLAGS = "-fno-objc-arc"; }; };
		87B94C4A190A74F0008DD279 /* STTwitterOAuthOSX.m in Sources */ = {isa = PBXBuildFile; fileRef = 87B94C3F190A74F0008DD279 /* STTwitterOAuthOSX.m */; settings = {COMPILER_FLAGS = "-fno-objc-arc"; }; };
		87B94C4B190A74F0008DD279 /* STHTTPRequest.m in Sources */ = {isa = PBXBuildFile; fileRef = 87B94C43190A74F0008DD279 /* STHTTPRequest.m */; settings = {COMPILER_FLAGS = "-fno-objc-arc"; }; };
		87B94C4E190A7A6E008DD279 /* ELBStore.m in Sources */ = {isa = PBXBuildFile; fileRef = 87B94C4D190A7A6E008DD279 /* ELBStore.m */; };
		87B94C54190A7B57008DD279 /* ELBArticulo.m in Sources */ = {isa = PBXBuildFile; fileRef = 87B94C53190A7B57008DD279 /* ELBArticulo.m */; };
		87B94C57190A7F65008DD279 /* ELBArticulosTableViewController.m in Sources */ = {isa = PBXBuildFile; fileRef = 87B94C56190A7F65008DD279 /* ELBArticulosTableViewController.m */; };
		87B94C5A190A84D6008DD279 /* ELBDetalleArticuloViewController.m in Sources */ = {isa = PBXBuildFile; fileRef = 87B94C59190A84D6008DD279 /* ELBDetalleArticuloViewController.m */; };
		87B94C5D190A8509008DD279 /* ELBAnotacion.m in Sources */ = {isa = PBXBuildFile; fileRef = 87B94C5C190A8509008DD279 /* ELBAnotacion.m */; };
		87B94C60190A8516008DD279 /* ELBLocalizacionViewController.m in Sources */ = {isa = PBXBuildFile; fileRef = 87B94C5F190A8516008DD279 /* ELBLocalizacionViewController.m */; };
		87B94C62190A8635008DD279 /* CoreLocation.framework in Frameworks */ = {isa = PBXBuildFile; fileRef = 87B94C61190A8635008DD279 /* CoreLocation.framework */; };
		87B94C64190A863C008DD279 /* MapKit.framework in Frameworks */ = {isa = PBXBuildFile; fileRef = 87B94C63190A863C008DD279 /* MapKit.framework */; };
		87B94C66190A8655008DD279 /* Social.framework in Frameworks */ = {isa = PBXBuildFile; fileRef = 87B94C65190A8655008DD279 /* Social.framework */; };
		87B94C68190A865A008DD279 /* MessageUI.framework in Frameworks */ = {isa = PBXBuildFile; fileRef = 87B94C67190A865A008DD279 /* MessageUI.framework */; };
		87B94C6A190A8865008DD279 /* MainStoryboard_iPad.storyboard in Resources */ = {isa = PBXBuildFile; fileRef = 87B94C69190A8865008DD279 /* MainStoryboard_iPad.storyboard */; };
		87B94C70190A8A32008DD279 /* Localizable.strings in Resources */ = {isa = PBXBuildFile; fileRef = 87B94C72190A8A32008DD279 /* Localizable.strings */; };
		87DC95A71768858100C6A401 /* Settings.bundle in Resources */ = {isa = PBXBuildFile; fileRef = 87DC95A61768858100C6A401 /* Settings.bundle */; };
		87EB533A176F97CD00D463A7 /* ELBFechaViewController.m in Sources */ = {isa = PBXBuildFile; fileRef = 87EB5339176F97CD00D463A7 /* ELBFechaViewController.m */; };
		87EB539E176FBF4000D463A7 /* AFHTTPClient.m in Sources */ = {isa = PBXBuildFile; fileRef = 87EB5343176FBF4000D463A7 /* AFHTTPClient.m */; };
		87EB539F176FBF4000D463A7 /* AFHTTPRequestOperation.m in Sources */ = {isa = PBXBuildFile; fileRef = 87EB5345176FBF4000D463A7 /* AFHTTPRequestOperation.m */; };
		87EB53A0176FBF4000D463A7 /* AFImageRequestOperation.m in Sources */ = {isa = PBXBuildFile; fileRef = 87EB5347176FBF4000D463A7 /* AFImageRequestOperation.m */; };
		87EB53A1176FBF4000D463A7 /* AFJSONRequestOperation.m in Sources */ = {isa = PBXBuildFile; fileRef = 87EB5349176FBF4000D463A7 /* AFJSONRequestOperation.m */; };
		87EB53A2176FBF4000D463A7 /* AFNetworkActivityIndicatorManager.m in Sources */ = {isa = PBXBuildFile; fileRef = 87EB534B176FBF4000D463A7 /* AFNetworkActivityIndicatorManager.m */; };
		87EB53A3176FBF4000D463A7 /* AFPropertyListRequestOperation.m in Sources */ = {isa = PBXBuildFile; fileRef = 87EB534E176FBF4000D463A7 /* AFPropertyListRequestOperation.m */; };
		87EB53A4176FBF4100D463A7 /* AFURLConnectionOperation.m in Sources */ = {isa = PBXBuildFile; fileRef = 87EB5350176FBF4000D463A7 /* AFURLConnectionOperation.m */; };
		87EB53A5176FBF4100D463A7 /* AFXMLRequestOperation.m in Sources */ = {isa = PBXBuildFile; fileRef = 87EB5352176FBF4000D463A7 /* AFXMLRequestOperation.m */; };
		87EB53A6176FBF4100D463A7 /* UIImageView+AFNetworking.m in Sources */ = {isa = PBXBuildFile; fileRef = 87EB5354176FBF4000D463A7 /* UIImageView+AFNetworking.m */; };
		87EB53DF176FC08800D463A7 /* ELBPost.m in Sources */ = {isa = PBXBuildFile; fileRef = 87EB53DE176FC08800D463A7 /* ELBPost.m */; };
		87EB53E0176FC0AC00D463A7 /* ELBPost.m in Sources */ = {isa = PBXBuildFile; fileRef = 87EB53DE176FC08800D463A7 /* ELBPost.m */; };
		87EB53E3176FC10700D463A7 /* ELBTwitterAPIClient.m in Sources */ = {isa = PBXBuildFile; fileRef = 87EB53E2176FC10700D463A7 /* ELBTwitterAPIClient.m */; };
		87EB53E4176FC1A800D463A7 /* ELBTwitterAPIClient.m in Sources */ = {isa = PBXBuildFile; fileRef = 87EB53E2176FC10700D463A7 /* ELBTwitterAPIClient.m */; };
		87EB53E7176FC23C00D463A7 /* ELBTwitterTableViewController.m in Sources */ = {isa = PBXBuildFile; fileRef = 87EB53E6176FC23C00D463A7 /* ELBTwitterTableViewController.m */; };
		87EB53E91770434000D463A7 /* newspaper.png in Resources */ = {isa = PBXBuildFile; fileRef = 87EB53E81770434000D463A7 /* newspaper.png */; };
		87EB53EB1770434F00D463A7 /* pencil.png in Resources */ = {isa = PBXBuildFile; fileRef = 87EB53EA1770434F00D463A7 /* pencil.png */; };
		87EB53ED1770435F00D463A7 /* letter_open.png in Resources */ = {isa = PBXBuildFile; fileRef = 87EB53EC1770435F00D463A7 /* letter_open.png */; };
/* End PBXBuildFile section */

/* Begin PBXContainerItemProxy section */
		87ACFCAB17610F9700E85FA4 /* PBXContainerItemProxy */ = {
			isa = PBXContainerItemProxy;
			containerPortal = 87ACFC6A17610F9700E85FA4 /* Project object */;
			proxyType = 1;
			remoteGlobalIDString = 87ACFC7117610F9700E85FA4;
			remoteInfo = newsApp;
		};
/* End PBXContainerItemProxy section */

/* Begin PBXFileReference section */
		87ACFC7217610F9700E85FA4 /* newsApp.app */ = {isa = PBXFileReference; explicitFileType = wrapper.application; includeInIndex = 0; path = newsApp.app; sourceTree = BUILT_PRODUCTS_DIR; };
		87ACFC7517610F9700E85FA4 /* UIKit.framework */ = {isa = PBXFileReference; lastKnownFileType = wrapper.framework; name = UIKit.framework; path = System/Library/Frameworks/UIKit.framework; sourceTree = SDKROOT; };
		87ACFC7717610F9700E85FA4 /* Foundation.framework */ = {isa = PBXFileReference; lastKnownFileType = wrapper.framework; name = Foundation.framework; path = System/Library/Frameworks/Foundation.framework; sourceTree = SDKROOT; };
		87ACFC7917610F9700E85FA4 /* CoreGraphics.framework */ = {isa = PBXFileReference; lastKnownFileType = wrapper.framework; name = CoreGraphics.framework; path = System/Library/Frameworks/CoreGraphics.framework; sourceTree = SDKROOT; };
		87ACFC7D17610F9700E85FA4 /* newsApp-Info.plist */ = {isa = PBXFileReference; lastKnownFileType = text.plist.xml; path = "newsApp-Info.plist"; sourceTree = "<group>"; };
		87ACFC7F17610F9700E85FA4 /* en */ = {isa = PBXFileReference; lastKnownFileType = text.plist.strings; name = en; path = en.lproj/InfoPlist.strings; sourceTree = "<group>"; };
		87ACFC8117610F9700E85FA4 /* main.m */ = {isa = PBXFileReference; lastKnownFileType = sourcecode.c.objc; path = main.m; sourceTree = "<group>"; };
		87ACFC8317610F9700E85FA4 /* newsApp-Prefix.pch */ = {isa = PBXFileReference; lastKnownFileType = sourcecode.c.h; path = "newsApp-Prefix.pch"; sourceTree = "<group>"; };
		87ACFC8417610F9700E85FA4 /* ELBAppDelegate.h */ = {isa = PBXFileReference; lastKnownFileType = sourcecode.c.h; path = ELBAppDelegate.h; sourceTree = "<group>"; };
		87ACFC8517610F9700E85FA4 /* ELBAppDelegate.m */ = {isa = PBXFileReference; lastKnownFileType = sourcecode.c.objc; path = ELBAppDelegate.m; sourceTree = "<group>"; };
		87ACFC8717610F9700E85FA4 /* Default.png */ = {isa = PBXFileReference; lastKnownFileType = image.png; path = Default.png; sourceTree = "<group>"; };
		87ACFC8917610F9700E85FA4 /* Default@2x.png */ = {isa = PBXFileReference; lastKnownFileType = image.png; path = "Default@2x.png"; sourceTree = "<group>"; };
		87ACFC8B17610F9700E85FA4 /* Default-568h@2x.png */ = {isa = PBXFileReference; lastKnownFileType = image.png; path = "Default-568h@2x.png"; sourceTree = "<group>"; };
		87ACFC8E17610F9700E85FA4 /* en */ = {isa = PBXFileReference; lastKnownFileType = file.storyboard; name = en; path = en.lproj/MainStoryboard_iPhone.storyboard; sourceTree = "<group>"; };
		87ACFC9617610F9700E85FA4 /* first.png */ = {isa = PBXFileReference; lastKnownFileType = image.png; path = first.png; sourceTree = "<group>"; };
		87ACFC9817610F9700E85FA4 /* first@2x.png */ = {isa = PBXFileReference; lastKnownFileType = image.png; path = "first@2x.png"; sourceTree = "<group>"; };
		87ACFC9D17610F9700E85FA4 /* second.png */ = {isa = PBXFileReference; lastKnownFileType = image.png; path = second.png; sourceTree = "<group>"; };
		87ACFC9F17610F9700E85FA4 /* second@2x.png */ = {isa = PBXFileReference; lastKnownFileType = image.png; path = "second@2x.png"; sourceTree = "<group>"; };
		87ACFCA617610F9700E85FA4 /* newsAppTests.xctest */ = {isa = PBXFileReference; explicitFileType = wrapper.cfbundle; includeInIndex = 0; path = newsAppTests.xctest; sourceTree = BUILT_PRODUCTS_DIR; };
		87ACFCAF17610F9800E85FA4 /* newsAppTests-Info.plist */ = {isa = PBXFileReference; lastKnownFileType = text.plist.xml; path = "newsAppTests-Info.plist"; sourceTree = "<group>"; };
		87ACFCB117610F9800E85FA4 /* en */ = {isa = PBXFileReference; lastKnownFileType = text.plist.strings; name = en; path = en.lproj/InfoPlist.strings; sourceTree = "<group>"; };
		87ACFCB317610F9800E85FA4 /* newsAppTests.h */ = {isa = PBXFileReference; lastKnownFileType = sourcecode.c.h; path = newsAppTests.h; sourceTree = "<group>"; };
		87ACFCB417610F9800E85FA4 /* newsAppTests.m */ = {isa = PBXFileReference; lastKnownFileType = sourcecode.c.objc; path = newsAppTests.m; sourceTree = "<group>"; };
		87AFCF14176498770051ED7C /* ELBNoticiasViewController.h */ = {isa = PBXFileReference; fileEncoding = 4; lastKnownFileType = sourcecode.c.h; path = ELBNoticiasViewController.h; sourceTree = "<group>"; };
		87AFCF15176498770051ED7C /* ELBNoticiasViewController.m */ = {isa = PBXFileReference; fileEncoding = 4; lastKnownFileType = sourcecode.c.objc; path = ELBNoticiasViewController.m; sourceTree = "<group>"; };
		87AFCF17176498870051ED7C /* ELBArticuloViewController.h */ = {isa = PBXFileReference; fileEncoding = 4; lastKnownFileType = sourcecode.c.h; path = ELBArticuloViewController.h; sourceTree = "<group>"; };
		87AFCF18176498870051ED7C /* ELBArticuloViewController.m */ = {isa = PBXFileReference; fileEncoding = 4; lastKnownFileType = sourcecode.c.objc; path = ELBArticuloViewController.m; sourceTree = "<group>"; };
		87B0EC6F1769B92C003D8435 /* modeloNewsApp.xcdatamodel */ = {isa = PBXFileReference; lastKnownFileType = wrapper.xcdatamodel; path = modeloNewsApp.xcdatamodel; sourceTree = "<group>"; };
		87B86D27176A13AD00169705 /* CoreData.framework */ = {isa = PBXFileReference; lastKnownFileType = wrapper.framework; name = CoreData.framework; path = System/Library/Frameworks/CoreData.framework; sourceTree = SDKROOT; };
		87B94C33190A74F0008DD279 /* leeme-STTwitter */ = {isa = PBXFileReference; fileEncoding = 4; lastKnownFileType = text; path = "leeme-STTwitter"; sourceTree = "<group>"; };
		87B94C34190A74F0008DD279 /* NSString+STTwitter.h */ = {isa = PBXFileReference; fileEncoding = 4; lastKnownFileType = sourcecode.c.h; path = "NSString+STTwitter.h"; sourceTree = "<group>"; };
		87B94C35190A74F0008DD279 /* NSString+STTwitter.m */ = {isa = PBXFileReference; fileEncoding = 4; lastKnownFileType = sourcecode.c.objc; path = "NSString+STTwitter.m"; sourceTree = "<group>"; };
		87B94C36190A74F0008DD279 /* STTwitterAPIWrapper.h */ = {isa = PBXFileReference; fileEncoding = 4; lastKnownFileType = sourcecode.c.h; path = STTwitterAPIWrapper.h; sourceTree = "<group>"; };
		87B94C37190A74F0008DD279 /* STTwitterAPIWrapper.m */ = {isa = PBXFileReference; fileEncoding = 4; lastKnownFileType = sourcecode.c.objc; path = STTwitterAPIWrapper.m; sourceTree = "<group>"; };
		87B94C38190A74F0008DD279 /* STTwitterAppOnly.h */ = {isa = PBXFileReference; fileEncoding = 4; lastKnownFileType = sourcecode.c.h; path = STTwitterAppOnly.h; sourceTree = "<group>"; };
		87B94C39190A74F0008DD279 /* STTwitterAppOnly.m */ = {isa = PBXFileReference; fileEncoding = 4; lastKnownFileType = sourcecode.c.objc; path = STTwitterAppOnly.m; sourceTree = "<group>"; };
		87B94C3A190A74F0008DD279 /* STTwitterHTML.h */ = {isa = PBXFileReference; fileEncoding = 4; lastKnownFileType = sourcecode.c.h; path = STTwitterHTML.h; sourceTree = "<group>"; };
		87B94C3B190A74F0008DD279 /* STTwitterHTML.m */ = {isa = PBXFileReference; fileEncoding = 4; lastKnownFileType = sourcecode.c.objc; path = STTwitterHTML.m; sourceTree = "<group>"; };
		87B94C3C190A74F0008DD279 /* STTwitterOAuth.h */ = {isa = PBXFileReference; fileEncoding = 4; lastKnownFileType = sourcecode.c.h; path = STTwitterOAuth.h; sourceTree = "<group>"; };
		87B94C3D190A74F0008DD279 /* STTwitterOAuth.m */ = {isa = PBXFileReference; fileEncoding = 4; lastKnownFileType = sourcecode.c.objc; path = STTwitterOAuth.m; sourceTree = "<group>"; };
		87B94C3E190A74F0008DD279 /* STTwitterOAuthOSX.h */ = {isa = PBXFileReference; fileEncoding = 4; lastKnownFileType = sourcecode.c.h; path = STTwitterOAuthOSX.h; sourceTree = "<group>"; };
		87B94C3F190A74F0008DD279 /* STTwitterOAuthOSX.m */ = {isa = PBXFileReference; fileEncoding = 4; lastKnownFileType = sourcecode.c.objc; path = STTwitterOAuthOSX.m; sourceTree = "<group>"; };
		87B94C40190A74F0008DD279 /* STTwitterOAuthProtocol.h */ = {isa = PBXFileReference; fileEncoding = 4; lastKnownFileType = sourcecode.c.h; path = STTwitterOAuthProtocol.h; sourceTree = "<group>"; };
		87B94C42190A74F0008DD279 /* STHTTPRequest.h */ = {isa = PBXFileReference; fileEncoding = 4; lastKnownFileType = sourcecode.c.h; path = STHTTPRequest.h; sourceTree = "<group>"; };
		87B94C43190A74F0008DD279 /* STHTTPRequest.m */ = {isa = PBXFileReference; fileEncoding = 4; lastKnownFileType = sourcecode.c.objc; path = STHTTPRequest.m; sourceTree = "<group>"; };
		87B94C4C190A7A6E008DD279 /* ELBStore.h */ = {isa = PBXFileReference; fileEncoding = 4; lastKnownFileType = sourcecode.c.h; path = ELBStore.h; sourceTree = "<group>"; };
		87B94C4D190A7A6E008DD279 /* ELBStore.m */ = {isa = PBXFileReference; fileEncoding = 4; lastKnownFileType = sourcecode.c.objc; path = ELBStore.m; sourceTree = "<group>"; };
		87B94C52190A7B57008DD279 /* ELBArticulo.h */ = {isa = PBXFileReference; fileEncoding = 4; lastKnownFileType = sourcecode.c.h; path = ELBArticulo.h; sourceTree = "<group>"; };
		87B94C53190A7B57008DD279 /* ELBArticulo.m */ = {isa = PBXFileReference; fileEncoding = 4; lastKnownFileType = sourcecode.c.objc; path = ELBArticulo.m; sourceTree = "<group>"; };
		87B94C55190A7F65008DD279 /* ELBArticulosTableViewController.h */ = {isa = PBXFileReference; fileEncoding = 4; lastKnownFileType = sourcecode.c.h; path = ELBArticulosTableViewController.h; sourceTree = "<group>"; };
		87B94C56190A7F65008DD279 /* ELBArticulosTableViewController.m */ = {isa = PBXFileReference; fileEncoding = 4; lastKnownFileType = sourcecode.c.objc; path = ELBArticulosTableViewController.m; sourceTree = "<group>"; };
		87B94C58190A84D6008DD279 /* ELBDetalleArticuloViewController.h */ = {isa = PBXFileReference; fileEncoding = 4; lastKnownFileType = sourcecode.c.h; path = ELBDetalleArticuloViewController.h; sourceTree = "<group>"; };
		87B94C59190A84D6008DD279 /* ELBDetalleArticuloViewController.m */ = {isa = PBXFileReference; fileEncoding = 4; lastKnownFileType = sourcecode.c.objc; path = ELBDetalleArticuloViewController.m; sourceTree = "<group>"; };
		87B94C5B190A8509008DD279 /* ELBAnotacion.h */ = {isa = PBXFileReference; fileEncoding = 4; lastKnownFileType = sourcecode.c.h; path = ELBAnotacion.h; sourceTree = "<group>"; };
		87B94C5C190A8509008DD279 /* ELBAnotacion.m */ = {isa = PBXFileReference; fileEncoding = 4; lastKnownFileType = sourcecode.c.objc; path = ELBAnotacion.m; sourceTree = "<group>"; };
		87B94C5E190A8516008DD279 /* ELBLocalizacionViewController.h */ = {isa = PBXFileReference; fileEncoding = 4; lastKnownFileType = sourcecode.c.h; path = ELBLocalizacionViewController.h; sourceTree = "<group>"; };
		87B94C5F190A8516008DD279 /* ELBLocalizacionViewController.m */ = {isa = PBXFileReference; fileEncoding = 4; lastKnownFileType = sourcecode.c.objc; path = ELBLocalizacionViewController.m; sourceTree = "<group>"; };
		87B94C61190A8635008DD279 /* CoreLocation.framework */ = {isa = PBXFileReference; lastKnownFileType = wrapper.framework; name = CoreLocation.framework; path = System/Library/Frameworks/CoreLocation.framework; sourceTree = SDKROOT; };
		87B94C63190A863C008DD279 /* MapKit.framework */ = {isa = PBXFileReference; lastKnownFileType = wrapper.framework; name = MapKit.framework; path = System/Library/Frameworks/MapKit.framework; sourceTree = SDKROOT; };
		87B94C65190A8655008DD279 /* Social.framework */ = {isa = PBXFileReference; lastKnownFileType = wrapper.framework; name = Social.framework; path = System/Library/Frameworks/Social.framework; sourceTree = SDKROOT; };
		87B94C67190A865A008DD279 /* MessageUI.framework */ = {isa = PBXFileReference; lastKnownFileType = wrapper.framework; name = MessageUI.framework; path = System/Library/Frameworks/MessageUI.framework; sourceTree = SDKROOT; };
		87B94C69190A8865008DD279 /* MainStoryboard_iPad.storyboard */ = {isa = PBXFileReference; fileEncoding = 4; lastKnownFileType = file.storyboard; path = MainStoryboard_iPad.storyboard; sourceTree = "<group>"; };
		87B94C6D190A8A1D008DD279 /* es */ = {isa = PBXFileReference; lastKnownFileType = file.storyboard; name = es; path = es.lproj/MainStoryboard_iPhone.storyboard; sourceTree = "<group>"; };
		87B94C6E190A8A1D008DD279 /* es */ = {isa = PBXFileReference; lastKnownFileType = text.plist.strings; name = es; path = es.lproj/InfoPlist.strings; sourceTree = "<group>"; };
		87B94C6F190A8A1D008DD279 /* es */ = {isa = PBXFileReference; lastKnownFileType = text.plist.strings; name = es; path = es.lproj/InfoPlist.strings; sourceTree = "<group>"; };
		87B94C71190A8A32008DD279 /* en */ = {isa = PBXFileReference; lastKnownFileType = text.plist.strings; name = en; path = en.lproj/Localizable.strings; sourceTree = "<group>"; };
		87B94C73190A8A36008DD279 /* es */ = {isa = PBXFileReference; lastKnownFileType = text.plist.strings; name = es; path = es.lproj/Localizable.strings; sourceTree = "<group>"; };
		87DC95A61768858100C6A401 /* Settings.bundle */ = {isa = PBXFileReference; lastKnownFileType = "wrapper.plug-in"; path = Settings.bundle; sourceTree = "<group>"; };
		87EB5338176F97CD00D463A7 /* ELBFechaViewController.h */ = {isa = PBXFileReference; fileEncoding = 4; lastKnownFileType = sourcecode.c.h; path = ELBFechaViewController.h; sourceTree = "<group>"; };
		87EB5339176F97CD00D463A7 /* ELBFechaViewController.m */ = {isa = PBXFileReference; fileEncoding = 4; lastKnownFileType = sourcecode.c.objc; path = ELBFechaViewController.m; sourceTree = "<group>"; };
		87EB5342176FBF4000D463A7 /* AFHTTPClient.h */ = {isa = PBXFileReference; fileEncoding = 4; lastKnownFileType = sourcecode.c.h; path = AFHTTPClient.h; sourceTree = "<group>"; };
		87EB5343176FBF4000D463A7 /* AFHTTPClient.m */ = {isa = PBXFileReference; fileEncoding = 4; lastKnownFileType = sourcecode.c.objc; path = AFHTTPClient.m; sourceTree = "<group>"; };
		87EB5344176FBF4000D463A7 /* AFHTTPRequestOperation.h */ = {isa = PBXFileReference; fileEncoding = 4; lastKnownFileType = sourcecode.c.h; path = AFHTTPRequestOperation.h; sourceTree = "<group>"; };
		87EB5345176FBF4000D463A7 /* AFHTTPRequestOperation.m */ = {isa = PBXFileReference; fileEncoding = 4; lastKnownFileType = sourcecode.c.objc; path = AFHTTPRequestOperation.m; sourceTree = "<group>"; };
		87EB5346176FBF4000D463A7 /* AFImageRequestOperation.h */ = {isa = PBXFileReference; fileEncoding = 4; lastKnownFileType = sourcecode.c.h; path = AFImageRequestOperation.h; sourceTree = "<group>"; };
		87EB5347176FBF4000D463A7 /* AFImageRequestOperation.m */ = {isa = PBXFileReference; fileEncoding = 4; lastKnownFileType = sourcecode.c.objc; path = AFImageRequestOperation.m; sourceTree = "<group>"; };
		87EB5348176FBF4000D463A7 /* AFJSONRequestOperation.h */ = {isa = PBXFileReference; fileEncoding = 4; lastKnownFileType = sourcecode.c.h; path = AFJSONRequestOperation.h; sourceTree = "<group>"; };
		87EB5349176FBF4000D463A7 /* AFJSONRequestOperation.m */ = {isa = PBXFileReference; fileEncoding = 4; lastKnownFileType = sourcecode.c.objc; path = AFJSONRequestOperation.m; sourceTree = "<group>"; };
		87EB534A176FBF4000D463A7 /* AFNetworkActivityIndicatorManager.h */ = {isa = PBXFileReference; fileEncoding = 4; lastKnownFileType = sourcecode.c.h; path = AFNetworkActivityIndicatorManager.h; sourceTree = "<group>"; };
		87EB534B176FBF4000D463A7 /* AFNetworkActivityIndicatorManager.m */ = {isa = PBXFileReference; fileEncoding = 4; lastKnownFileType = sourcecode.c.objc; path = AFNetworkActivityIndicatorManager.m; sourceTree = "<group>"; };
		87EB534C176FBF4000D463A7 /* AFNetworking.h */ = {isa = PBXFileReference; fileEncoding = 4; lastKnownFileType = sourcecode.c.h; path = AFNetworking.h; sourceTree = "<group>"; };
		87EB534D176FBF4000D463A7 /* AFPropertyListRequestOperation.h */ = {isa = PBXFileReference; fileEncoding = 4; lastKnownFileType = sourcecode.c.h; path = AFPropertyListRequestOperation.h; sourceTree = "<group>"; };
		87EB534E176FBF4000D463A7 /* AFPropertyListRequestOperation.m */ = {isa = PBXFileReference; fileEncoding = 4; lastKnownFileType = sourcecode.c.objc; path = AFPropertyListRequestOperation.m; sourceTree = "<group>"; };
		87EB534F176FBF4000D463A7 /* AFURLConnectionOperation.h */ = {isa = PBXFileReference; fileEncoding = 4; lastKnownFileType = sourcecode.c.h; path = AFURLConnectionOperation.h; sourceTree = "<group>"; };
		87EB5350176FBF4000D463A7 /* AFURLConnectionOperation.m */ = {isa = PBXFileReference; fileEncoding = 4; lastKnownFileType = sourcecode.c.objc; path = AFURLConnectionOperation.m; sourceTree = "<group>"; };
		87EB5351176FBF4000D463A7 /* AFXMLRequestOperation.h */ = {isa = PBXFileReference; fileEncoding = 4; lastKnownFileType = sourcecode.c.h; path = AFXMLRequestOperation.h; sourceTree = "<group>"; };
		87EB5352176FBF4000D463A7 /* AFXMLRequestOperation.m */ = {isa = PBXFileReference; fileEncoding = 4; lastKnownFileType = sourcecode.c.objc; path = AFXMLRequestOperation.m; sourceTree = "<group>"; };
		87EB5353176FBF4000D463A7 /* UIImageView+AFNetworking.h */ = {isa = PBXFileReference; fileEncoding = 4; lastKnownFileType = sourcecode.c.h; path = "UIImageView+AFNetworking.h"; sourceTree = "<group>"; };
		87EB5354176FBF4000D463A7 /* UIImageView+AFNetworking.m */ = {isa = PBXFileReference; fileEncoding = 4; lastKnownFileType = sourcecode.c.objc; path = "UIImageView+AFNetworking.m"; sourceTree = "<group>"; };
		87EB53DD176FC08800D463A7 /* ELBPost.h */ = {isa = PBXFileReference; fileEncoding = 4; lastKnownFileType = sourcecode.c.h; path = ELBPost.h; sourceTree = "<group>"; };
		87EB53DE176FC08800D463A7 /* ELBPost.m */ = {isa = PBXFileReference; fileEncoding = 4; lastKnownFileType = sourcecode.c.objc; path = ELBPost.m; sourceTree = "<group>"; };
		87EB53E1176FC10700D463A7 /* ELBTwitterAPIClient.h */ = {isa = PBXFileReference; fileEncoding = 4; lastKnownFileType = sourcecode.c.h; path = ELBTwitterAPIClient.h; sourceTree = "<group>"; };
		87EB53E2176FC10700D463A7 /* ELBTwitterAPIClient.m */ = {isa = PBXFileReference; fileEncoding = 4; lastKnownFileType = sourcecode.c.objc; path = ELBTwitterAPIClient.m; sourceTree = "<group>"; };
		87EB53E5176FC23C00D463A7 /* ELBTwitterTableViewController.h */ = {isa = PBXFileReference; fileEncoding = 4; lastKnownFileType = sourcecode.c.h; path = ELBTwitterTableViewController.h; sourceTree = "<group>"; };
		87EB53E6176FC23C00D463A7 /* ELBTwitterTableViewController.m */ = {isa = PBXFileReference; fileEncoding = 4; lastKnownFileType = sourcecode.c.objc; path = ELBTwitterTableViewController.m; sourceTree = "<group>"; };
		87EB53E81770434000D463A7 /* newspaper.png */ = {isa = PBXFileReference; lastKnownFileType = image.png; path = newspaper.png; sourceTree = "<group>"; };
		87EB53EA1770434F00D463A7 /* pencil.png */ = {isa = PBXFileReference; lastKnownFileType = image.png; path = pencil.png; sourceTree = "<group>"; };
		87EB53EC1770435F00D463A7 /* letter_open.png */ = {isa = PBXFileReference; lastKnownFileType = image.png; path = letter_open.png; sourceTree = "<group>"; };
/* End PBXFileReference section */

/* Begin PBXFrameworksBuildPhase section */
		87ACFC6F17610F9700E85FA4 /* Frameworks */ = {
			isa = PBXFrameworksBuildPhase;
			buildActionMask = 2147483647;
			files = (
				87B94C68190A865A008DD279 /* MessageUI.framework in Frameworks */,
				87B94C66190A8655008DD279 /* Social.framework in Frameworks */,
				87B94C64190A863C008DD279 /* MapKit.framework in Frameworks */,
				87B94C62190A8635008DD279 /* CoreLocation.framework in Frameworks */,
				87B86D28176A13AD00169705 /* CoreData.framework in Frameworks */,
				87ACFC7617610F9700E85FA4 /* UIKit.framework in Frameworks */,
				87ACFC7817610F9700E85FA4 /* Foundation.framework in Frameworks */,
				87ACFC7A17610F9700E85FA4 /* CoreGraphics.framework in Frameworks */,
			);
			runOnlyForDeploymentPostprocessing = 0;
		};
		87ACFCA217610F9700E85FA4 /* Frameworks */ = {
			isa = PBXFrameworksBuildPhase;
			buildActionMask = 2147483647;
			files = (
				87ACFCA917610F9700E85FA4 /* UIKit.framework in Frameworks */,
				87ACFCAA17610F9700E85FA4 /* Foundation.framework in Frameworks */,
			);
			runOnlyForDeploymentPostprocessing = 0;
		};
/* End PBXFrameworksBuildPhase section */

/* Begin PBXGroup section */
		87ACFC6917610F9700E85FA4 = {
			isa = PBXGroup;
			children = (
				87ACFC7B17610F9700E85FA4 /* newsApp */,
				87ACFCAD17610F9700E85FA4 /* newsAppTests */,
				87ACFC7417610F9700E85FA4 /* Frameworks */,
				87ACFC7317610F9700E85FA4 /* Products */,
				87B94C31190A74B0008DD279 /* Librerías */,
			);
			sourceTree = "<group>";
		};
		87ACFC7317610F9700E85FA4 /* Products */ = {
			isa = PBXGroup;
			children = (
				87ACFC7217610F9700E85FA4 /* newsApp.app */,
				87ACFCA617610F9700E85FA4 /* newsAppTests.xctest */,
			);
			name = Products;
			sourceTree = "<group>";
		};
		87ACFC7417610F9700E85FA4 /* Frameworks */ = {
			isa = PBXGroup;
			children = (
				87B94C67190A865A008DD279 /* MessageUI.framework */,
				87B94C65190A8655008DD279 /* Social.framework */,
				87B94C63190A863C008DD279 /* MapKit.framework */,
				87B94C61190A8635008DD279 /* CoreLocation.framework */,
				87B86D27176A13AD00169705 /* CoreData.framework */,
				87ACFC7517610F9700E85FA4 /* UIKit.framework */,
				87ACFC7717610F9700E85FA4 /* Foundation.framework */,
				87ACFC7917610F9700E85FA4 /* CoreGraphics.framework */,
			);
			name = Frameworks;
			sourceTree = "<group>";
		};
		87ACFC7B17610F9700E85FA4 /* newsApp */ = {
			isa = PBXGroup;
			children = (
				87AFCF1D1764A45E0051ED7C /* Models */,
				87AFCF10176497E10051ED7C /* Views */,
				87AFCF11176497E70051ED7C /* Controllers */,
				87AFCF13176498260051ED7C /* Otros */,
				87ACFC7C17610F9700E85FA4 /* Supporting Files */,
			);
			path = newsApp;
			sourceTree = "<group>";
		};
		87ACFC7C17610F9700E85FA4 /* Supporting Files */ = {
			isa = PBXGroup;
			children = (
				87ACFC7D17610F9700E85FA4 /* newsApp-Info.plist */,
				87ACFC7E17610F9700E85FA4 /* InfoPlist.strings */,
				87ACFC8117610F9700E85FA4 /* main.m */,
				87ACFC8317610F9700E85FA4 /* newsApp-Prefix.pch */,
				87ACFC8717610F9700E85FA4 /* Default.png */,
				87ACFC8917610F9700E85FA4 /* Default@2x.png */,
				87ACFC8B17610F9700E85FA4 /* Default-568h@2x.png */,
				87DC95A61768858100C6A401 /* Settings.bundle */,
				87B94C72190A8A32008DD279 /* Localizable.strings */,
			);
			name = "Supporting Files";
			sourceTree = "<group>";
		};
		87ACFCAD17610F9700E85FA4 /* newsAppTests */ = {
			isa = PBXGroup;
			children = (
				87ACFCB317610F9800E85FA4 /* newsAppTests.h */,
				87ACFCB417610F9800E85FA4 /* newsAppTests.m */,
				87ACFCAE17610F9800E85FA4 /* Supporting Files */,
			);
			path = newsAppTests;
			sourceTree = "<group>";
		};
		87ACFCAE17610F9800E85FA4 /* Supporting Files */ = {
			isa = PBXGroup;
			children = (
				87ACFCAF17610F9800E85FA4 /* newsAppTests-Info.plist */,
				87ACFCB017610F9800E85FA4 /* InfoPlist.strings */,
			);
			name = "Supporting Files";
			sourceTree = "<group>";
		};
		87AFCF10176497E10051ED7C /* Views */ = {
			isa = PBXGroup;
			children = (
				87B94C5B190A8509008DD279 /* ELBAnotacion.h */,
				87B94C5C190A8509008DD279 /* ELBAnotacion.m */,
				87AFCF12176498110051ED7C /* Resources */,
			);
			name = Views;
			sourceTree = "<group>";
		};
		87AFCF11176497E70051ED7C /* Controllers */ = {
			isa = PBXGroup;
			children = (
				87B94C5E190A8516008DD279 /* ELBLocalizacionViewController.h */,
				87B94C5F190A8516008DD279 /* ELBLocalizacionViewController.m */,
				87B94C58190A84D6008DD279 /* ELBDetalleArticuloViewController.h */,
				87B94C59190A84D6008DD279 /* ELBDetalleArticuloViewController.m */,
				87B94C55190A7F65008DD279 /* ELBArticulosTableViewController.h */,
				87B94C56190A7F65008DD279 /* ELBArticulosTableViewController.m */,
				87EB53E5176FC23C00D463A7 /* ELBTwitterTableViewController.h */,
				87EB53E6176FC23C00D463A7 /* ELBTwitterTableViewController.m */,
				87EB5338176F97CD00D463A7 /* ELBFechaViewController.h */,
				87EB5339176F97CD00D463A7 /* ELBFechaViewController.m */,
				87AFCF14176498770051ED7C /* ELBNoticiasViewController.h */,
				87AFCF15176498770051ED7C /* ELBNoticiasViewController.m */,
				87AFCF17176498870051ED7C /* ELBArticuloViewController.h */,
				87AFCF18176498870051ED7C /* ELBArticuloViewController.m */,
			);
			name = Controllers;
			sourceTree = "<group>";
		};
		87AFCF12176498110051ED7C /* Resources */ = {
			isa = PBXGroup;
			children = (
				87ACFC8D17610F9700E85FA4 /* MainStoryboard_iPhone.storyboard */,
				87B94C69190A8865008DD279 /* MainStoryboard_iPad.storyboard */,
				87EB53EC1770435F00D463A7 /* letter_open.png */,
				87EB53EA1770434F00D463A7 /* pencil.png */,
				87EB53E81770434000D463A7 /* newspaper.png */,
				87ACFC9617610F9700E85FA4 /* first.png */,
				87ACFC9817610F9700E85FA4 /* first@2x.png */,
				87ACFC9D17610F9700E85FA4 /* second.png */,
				87ACFC9F17610F9700E85FA4 /* second@2x.png */,
			);
			name = Resources;
			sourceTree = "<group>";
		};
		87AFCF13176498260051ED7C /* Otros */ = {
			isa = PBXGroup;
			children = (
				87ACFC8417610F9700E85FA4 /* ELBAppDelegate.h */,
				87ACFC8517610F9700E85FA4 /* ELBAppDelegate.m */,
			);
			name = Otros;
			sourceTree = "<group>";
		};
		87AFCF1D1764A45E0051ED7C /* Models */ = {
			isa = PBXGroup;
			children = (
				87B94C52190A7B57008DD279 /* ELBArticulo.h */,
				87B94C53190A7B57008DD279 /* ELBArticulo.m */,
				87B94C4C190A7A6E008DD279 /* ELBStore.h */,
				87B94C4D190A7A6E008DD279 /* ELBStore.m */,
				87B0EC6E1769B92C003D8435 /* modeloNewsApp.xcdatamodeld */,
				87EB53E1176FC10700D463A7 /* ELBTwitterAPIClient.h */,
				87EB53E2176FC10700D463A7 /* ELBTwitterAPIClient.m */,
				87EB53DD176FC08800D463A7 /* ELBPost.h */,
				87EB53DE176FC08800D463A7 /* ELBPost.m */,
			);
			name = Models;
			sourceTree = "<group>";
		};
		87B94C31190A74B0008DD279 /* Librerías */ = {
			isa = PBXGroup;
			children = (
				87B94C32190A74F0008DD279 /* STTwitter */,
				87EB5341176FBF4000D463A7 /* AFNetworking */,
			);
			name = "Librerías";
			sourceTree = "<group>";
		};
		87B94C32190A74F0008DD279 /* STTwitter */ = {
			isa = PBXGroup;
			children = (
				87B94C33190A74F0008DD279 /* leeme-STTwitter */,
				87B94C34190A74F0008DD279 /* NSString+STTwitter.h */,
				87B94C35190A74F0008DD279 /* NSString+STTwitter.m */,
				87B94C36190A74F0008DD279 /* STTwitterAPIWrapper.h */,
				87B94C37190A74F0008DD279 /* STTwitterAPIWrapper.m */,
				87B94C38190A74F0008DD279 /* STTwitterAppOnly.h */,
				87B94C39190A74F0008DD279 /* STTwitterAppOnly.m */,
				87B94C3A190A74F0008DD279 /* STTwitterHTML.h */,
				87B94C3B190A74F0008DD279 /* STTwitterHTML.m */,
				87B94C3C190A74F0008DD279 /* STTwitterOAuth.h */,
				87B94C3D190A74F0008DD279 /* STTwitterOAuth.m */,
				87B94C3E190A74F0008DD279 /* STTwitterOAuthOSX.h */,
				87B94C3F190A74F0008DD279 /* STTwitterOAuthOSX.m */,
				87B94C40190A74F0008DD279 /* STTwitterOAuthProtocol.h */,
				87B94C41190A74F0008DD279 /* Vendor */,
			);
			path = STTwitter;
			sourceTree = "<group>";
		};
		87B94C41190A74F0008DD279 /* Vendor */ = {
			isa = PBXGroup;
			children = (
				87B94C42190A74F0008DD279 /* STHTTPRequest.h */,
				87B94C43190A74F0008DD279 /* STHTTPRequest.m */,
			);
			path = Vendor;
			sourceTree = "<group>";
		};
		87EB5341176FBF4000D463A7 /* AFNetworking */ = {
			isa = PBXGroup;
			children = (
				87EB5342176FBF4000D463A7 /* AFHTTPClient.h */,
				87EB5343176FBF4000D463A7 /* AFHTTPClient.m */,
				87EB5344176FBF4000D463A7 /* AFHTTPRequestOperation.h */,
				87EB5345176FBF4000D463A7 /* AFHTTPRequestOperation.m */,
				87EB5346176FBF4000D463A7 /* AFImageRequestOperation.h */,
				87EB5347176FBF4000D463A7 /* AFImageRequestOperation.m */,
				87EB5348176FBF4000D463A7 /* AFJSONRequestOperation.h */,
				87EB5349176FBF4000D463A7 /* AFJSONRequestOperation.m */,
				87EB534A176FBF4000D463A7 /* AFNetworkActivityIndicatorManager.h */,
				87EB534B176FBF4000D463A7 /* AFNetworkActivityIndicatorManager.m */,
				87EB534C176FBF4000D463A7 /* AFNetworking.h */,
				87EB534D176FBF4000D463A7 /* AFPropertyListRequestOperation.h */,
				87EB534E176FBF4000D463A7 /* AFPropertyListRequestOperation.m */,
				87EB534F176FBF4000D463A7 /* AFURLConnectionOperation.h */,
				87EB5350176FBF4000D463A7 /* AFURLConnectionOperation.m */,
				87EB5351176FBF4000D463A7 /* AFXMLRequestOperation.h */,
				87EB5352176FBF4000D463A7 /* AFXMLRequestOperation.m */,
				87EB5353176FBF4000D463A7 /* UIImageView+AFNetworking.h */,
				87EB5354176FBF4000D463A7 /* UIImageView+AFNetworking.m */,
			);
			name = AFNetworking;
			path = "AFNetworking-master/AFNetworking";
			sourceTree = "<group>";
		};
/* End PBXGroup section */

/* Begin PBXNativeTarget section */
		87ACFC7117610F9700E85FA4 /* newsApp */ = {
			isa = PBXNativeTarget;
			buildConfigurationList = 87ACFCB817610F9800E85FA4 /* Build configuration list for PBXNativeTarget "newsApp" */;
			buildPhases = (
				87ACFC6E17610F9700E85FA4 /* Sources */,
				87ACFC6F17610F9700E85FA4 /* Frameworks */,
				87ACFC7017610F9700E85FA4 /* Resources */,
			);
			buildRules = (
			);
			dependencies = (
			);
			name = newsApp;
			productName = newsApp;
			productReference = 87ACFC7217610F9700E85FA4 /* newsApp.app */;
			productType = "com.apple.product-type.application";
		};
		87ACFCA517610F9700E85FA4 /* newsAppTests */ = {
			isa = PBXNativeTarget;
			buildConfigurationList = 87ACFCBB17610F9800E85FA4 /* Build configuration list for PBXNativeTarget "newsAppTests" */;
			buildPhases = (
				87ACFCA117610F9700E85FA4 /* Sources */,
				87ACFCA217610F9700E85FA4 /* Frameworks */,
				87ACFCA317610F9700E85FA4 /* Resources */,
				87ACFCA417610F9700E85FA4 /* ShellScript */,
			);
			buildRules = (
			);
			dependencies = (
				87ACFCAC17610F9700E85FA4 /* PBXTargetDependency */,
			);
			name = newsAppTests;
			productName = newsAppTests;
			productReference = 87ACFCA617610F9700E85FA4 /* newsAppTests.xctest */;
			productType = "com.apple.product-type.bundle.unit-test";
		};
/* End PBXNativeTarget section */

/* Begin PBXProject section */
		87ACFC6A17610F9700E85FA4 /* Project object */ = {
			isa = PBXProject;
			attributes = {
				CLASSPREFIX = ELB;
				LastTestingUpgradeCheck = 0510;
				LastUpgradeCheck = 0460;
				ORGANIZATIONNAME = "Espí & Le Barbier";
			};
			buildConfigurationList = 87ACFC6D17610F9700E85FA4 /* Build configuration list for PBXProject "newsApp" */;
			compatibilityVersion = "Xcode 3.2";
			developmentRegion = English;
			hasScannedForEncodings = 0;
			knownRegions = (
				en,
				es,
			);
			mainGroup = 87ACFC6917610F9700E85FA4;
			productRefGroup = 87ACFC7317610F9700E85FA4 /* Products */;
			projectDirPath = "";
			projectRoot = "";
			targets = (
				87ACFC7117610F9700E85FA4 /* newsApp */,
				87ACFCA517610F9700E85FA4 /* newsAppTests */,
			);
		};
/* End PBXProject section */

/* Begin PBXResourcesBuildPhase section */
		87ACFC7017610F9700E85FA4 /* Resources */ = {
			isa = PBXResourcesBuildPhase;
			buildActionMask = 2147483647;
			files = (
				87ACFC8017610F9700E85FA4 /* InfoPlist.strings in Resources */,
				87ACFC8817610F9700E85FA4 /* Default.png in Resources */,
				87ACFC8A17610F9700E85FA4 /* Default@2x.png in Resources */,
				87ACFC8C17610F9700E85FA4 /* Default-568h@2x.png in Resources */,
				87B94C44190A74F0008DD279 /* leeme-STTwitter in Resources */,
				87ACFC8F17610F9700E85FA4 /* MainStoryboard_iPhone.storyboard in Resources */,
				87ACFC9717610F9700E85FA4 /* first.png in Resources */,
				87ACFC9917610F9700E85FA4 /* first@2x.png in Resources */,
				87ACFC9E17610F9700E85FA4 /* second.png in Resources */,
				87B94C6A190A8865008DD279 /* MainStoryboard_iPad.storyboard in Resources */,
				87ACFCA017610F9700E85FA4 /* second@2x.png in Resources */,
				87DC95A71768858100C6A401 /* Settings.bundle in Resources */,
				87EB53E91770434000D463A7 /* newspaper.png in Resources */,
				87B94C70190A8A32008DD279 /* Localizable.strings in Resources */,
				87EB53EB1770434F00D463A7 /* pencil.png in Resources */,
				87EB53ED1770435F00D463A7 /* letter_open.png in Resources */,
			);
			runOnlyForDeploymentPostprocessing = 0;
		};
		87ACFCA317610F9700E85FA4 /* Resources */ = {
			isa = PBXResourcesBuildPhase;
			buildActionMask = 2147483647;
			files = (
				87ACFCB217610F9800E85FA4 /* InfoPlist.strings in Resources */,
			);
			runOnlyForDeploymentPostprocessing = 0;
		};
/* End PBXResourcesBuildPhase section */

/* Begin PBXShellScriptBuildPhase section */
		87ACFCA417610F9700E85FA4 /* ShellScript */ = {
			isa = PBXShellScriptBuildPhase;
			buildActionMask = 2147483647;
			files = (
			);
			inputPaths = (
			);
			outputPaths = (
			);
			runOnlyForDeploymentPostprocessing = 0;
			shellPath = /bin/sh;
			shellScript = "# Run the unit tests in this test bundle.\n\"${SYSTEM_DEVELOPER_DIR}/Tools/RunUnitTests\"\n";
		};
/* End PBXShellScriptBuildPhase section */

/* Begin PBXSourcesBuildPhase section */
		87ACFC6E17610F9700E85FA4 /* Sources */ = {
			isa = PBXSourcesBuildPhase;
			buildActionMask = 2147483647;
			files = (
				87EB53E4176FC1A800D463A7 /* ELBTwitterAPIClient.m in Sources */,
				87B94C54190A7B57008DD279 /* ELBArticulo.m in Sources */,
				87B94C4E190A7A6E008DD279 /* ELBStore.m in Sources */,
				87EB53E0176FC0AC00D463A7 /* ELBPost.m in Sources */,
				87B94C4B190A74F0008DD279 /* STHTTPRequest.m in Sources */,
				87ACFC8217610F9700E85FA4 /* main.m in Sources */,
				87ACFC8617610F9700E85FA4 /* ELBAppDelegate.m in Sources */,
				87AFCF16176498770051ED7C /* ELBNoticiasViewController.m in Sources */,
				87B94C5A190A84D6008DD279 /* ELBDetalleArticuloViewController.m in Sources */,
				87AFCF19176498870051ED7C /* ELBArticuloViewController.m in Sources */,
				87B94C48190A74F0008DD279 /* STTwitterHTML.m in Sources */,
				87B94C57190A7F65008DD279 /* ELBArticulosTableViewController.m in Sources */,
				87B94C5D190A8509008DD279 /* ELBAnotacion.m in Sources */,
				87B0EC701769B92C003D8435 /* modeloNewsApp.xcdatamodeld in Sources */,
				87B94C49190A74F0008DD279 /* STTwitterOAuth.m in Sources */,
				87EB533A176F97CD00D463A7 /* ELBFechaViewController.m in Sources */,
				87B94C47190A74F0008DD279 /* STTwitterAppOnly.m in Sources */,
				87B94C60190A8516008DD279 /* ELBLocalizacionViewController.m in Sources */,
				87B94C45190A74F0008DD279 /* NSString+STTwitter.m in Sources */,
				87EB539E176FBF4000D463A7 /* AFHTTPClient.m in Sources */,
				87EB539F176FBF4000D463A7 /* AFHTTPRequestOperation.m in Sources */,
				87EB53A0176FBF4000D463A7 /* AFImageRequestOperation.m in Sources */,
				87B94C46190A74F0008DD279 /* STTwitterAPIWrapper.m in Sources */,
				87EB53A1176FBF4000D463A7 /* AFJSONRequestOperation.m in Sources */,
				87EB53A2176FBF4000D463A7 /* AFNetworkActivityIndicatorManager.m in Sources */,
				87EB53A3176FBF4000D463A7 /* AFPropertyListRequestOperation.m in Sources */,
				87EB53A4176FBF4100D463A7 /* AFURLConnectionOperation.m in Sources */,
				87EB53A5176FBF4100D463A7 /* AFXMLRequestOperation.m in Sources */,
				87B94C4A190A74F0008DD279 /* STTwitterOAuthOSX.m in Sources */,
				87EB53A6176FBF4100D463A7 /* UIImageView+AFNetworking.m in Sources */,
				87EB53E7176FC23C00D463A7 /* ELBTwitterTableViewController.m in Sources */,
			);
			runOnlyForDeploymentPostprocessing = 0;
		};
		87ACFCA117610F9700E85FA4 /* Sources */ = {
			isa = PBXSourcesBuildPhase;
			buildActionMask = 2147483647;
			files = (
				87ACFCB517610F9800E85FA4 /* newsAppTests.m in Sources */,
				87EB53DF176FC08800D463A7 /* ELBPost.m in Sources */,
				87EB53E3176FC10700D463A7 /* ELBTwitterAPIClient.m in Sources */,
			);
			runOnlyForDeploymentPostprocessing = 0;
		};
/* End PBXSourcesBuildPhase section */

/* Begin PBXTargetDependency section */
		87ACFCAC17610F9700E85FA4 /* PBXTargetDependency */ = {
			isa = PBXTargetDependency;
			target = 87ACFC7117610F9700E85FA4 /* newsApp */;
			targetProxy = 87ACFCAB17610F9700E85FA4 /* PBXContainerItemProxy */;
		};
/* End PBXTargetDependency section */

/* Begin PBXVariantGroup section */
		87ACFC7E17610F9700E85FA4 /* InfoPlist.strings */ = {
			isa = PBXVariantGroup;
			children = (
				87ACFC7F17610F9700E85FA4 /* en */,
				87B94C6E190A8A1D008DD279 /* es */,
			);
			name = InfoPlist.strings;
			sourceTree = "<group>";
		};
		87ACFC8D17610F9700E85FA4 /* MainStoryboard_iPhone.storyboard */ = {
			isa = PBXVariantGroup;
			children = (
				87ACFC8E17610F9700E85FA4 /* en */,
				87B94C6D190A8A1D008DD279 /* es */,
			);
			name = MainStoryboard_iPhone.storyboard;
			sourceTree = "<group>";
		};
		87ACFCB017610F9800E85FA4 /* InfoPlist.strings */ = {
			isa = PBXVariantGroup;
			children = (
				87ACFCB117610F9800E85FA4 /* en */,
				87B94C6F190A8A1D008DD279 /* es */,
			);
			name = InfoPlist.strings;
			sourceTree = "<group>";
		};
		87B94C72190A8A32008DD279 /* Localizable.strings */ = {
			isa = PBXVariantGroup;
			children = (
				87B94C71190A8A32008DD279 /* en */,
				87B94C73190A8A36008DD279 /* es */,
			);
			name = Localizable.strings;
			sourceTree = "<group>";
		};
/* End PBXVariantGroup section */

/* Begin XCBuildConfiguration section */
		87ACFCB617610F9800E85FA4 /* Debug */ = {
			isa = XCBuildConfiguration;
			buildSettings = {
				ALWAYS_SEARCH_USER_PATHS = NO;
				CLANG_CXX_LANGUAGE_STANDARD = "gnu++0x";
				CLANG_CXX_LIBRARY = "libc++";
				CLANG_ENABLE_OBJC_ARC = YES;
				CLANG_WARN_CONSTANT_CONVERSION = YES;
				CLANG_WARN_EMPTY_BODY = YES;
				CLANG_WARN_ENUM_CONVERSION = YES;
				CLANG_WARN_INT_CONVERSION = YES;
				CLANG_WARN__DUPLICATE_METHOD_MATCH = YES;
				"CODE_SIGN_IDENTITY[sdk=iphoneos*]" = "iPhone Developer";
				COPY_PHASE_STRIP = NO;
				GCC_C_LANGUAGE_STANDARD = gnu99;
				GCC_DYNAMIC_NO_PIC = NO;
				GCC_OPTIMIZATION_LEVEL = 0;
				GCC_PREPROCESSOR_DEFINITIONS = (
					"DEBUG=1",
					"$(inherited)",
				);
				GCC_SYMBOLS_PRIVATE_EXTERN = NO;
				GCC_WARN_ABOUT_RETURN_TYPE = YES;
				GCC_WARN_UNINITIALIZED_AUTOS = YES;
				GCC_WARN_UNUSED_VARIABLE = YES;
				IPHONEOS_DEPLOYMENT_TARGET = 6.1;
				ONLY_ACTIVE_ARCH = YES;
				SDKROOT = iphoneos;
				TARGETED_DEVICE_FAMILY = "1,2";
			};
			name = Debug;
		};
		87ACFCB717610F9800E85FA4 /* Release */ = {
			isa = XCBuildConfiguration;
			buildSettings = {
				ALWAYS_SEARCH_USER_PATHS = NO;
				CLANG_CXX_LANGUAGE_STANDARD = "gnu++0x";
				CLANG_CXX_LIBRARY = "libc++";
				CLANG_ENABLE_OBJC_ARC = YES;
				CLANG_WARN_CONSTANT_CONVERSION = YES;
				CLANG_WARN_EMPTY_BODY = YES;
				CLANG_WARN_ENUM_CONVERSION = YES;
				CLANG_WARN_INT_CONVERSION = YES;
				CLANG_WARN__DUPLICATE_METHOD_MATCH = YES;
				"CODE_SIGN_IDENTITY[sdk=iphoneos*]" = "iPhone Developer";
				COPY_PHASE_STRIP = YES;
				GCC_C_LANGUAGE_STANDARD = gnu99;
				GCC_WARN_ABOUT_RETURN_TYPE = YES;
				GCC_WARN_UNINITIALIZED_AUTOS = YES;
				GCC_WARN_UNUSED_VARIABLE = YES;
				IPHONEOS_DEPLOYMENT_TARGET = 6.1;
				OTHER_CFLAGS = "-DNS_BLOCK_ASSERTIONS=1";
				SDKROOT = iphoneos;
				TARGETED_DEVICE_FAMILY = "1,2";
				VALIDATE_PRODUCT = YES;
			};
			name = Release;
		};
		87ACFCB917610F9800E85FA4 /* Debug */ = {
			isa = XCBuildConfiguration;
			buildSettings = {
				GCC_PRECOMPILE_PREFIX_HEADER = YES;
				GCC_PREFIX_HEADER = "newsApp/newsApp-Prefix.pch";
				INFOPLIST_FILE = "newsApp/newsApp-Info.plist";
				PRODUCT_NAME = "$(TARGET_NAME)";
				WRAPPER_EXTENSION = app;
			};
			name = Debug;
		};
		87ACFCBA17610F9800E85FA4 /* Release */ = {
			isa = XCBuildConfiguration;
			buildSettings = {
				GCC_PRECOMPILE_PREFIX_HEADER = YES;
				GCC_PREFIX_HEADER = "newsApp/newsApp-Prefix.pch";
				INFOPLIST_FILE = "newsApp/newsApp-Info.plist";
				PRODUCT_NAME = "$(TARGET_NAME)";
				WRAPPER_EXTENSION = app;
			};
			name = Release;
		};
		87ACFCBC17610F9800E85FA4 /* Debug */ = {
			isa = XCBuildConfiguration;
			buildSettings = {
				BUNDLE_LOADER = "$(BUILT_PRODUCTS_DIR)/newsApp.app/newsApp";
				FRAMEWORK_SEARCH_PATHS = (
					"\"$(SDKROOT)/Developer/Library/Frameworks\"",
					"\"$(DEVELOPER_LIBRARY_DIR)/Frameworks\"",
					"$(inherited)",
				);
				GCC_PRECOMPILE_PREFIX_HEADER = YES;
				GCC_PREFIX_HEADER = "newsApp/newsApp-Prefix.pch";
				INFOPLIST_FILE = "newsAppTests/newsAppTests-Info.plist";
				PRODUCT_NAME = "$(TARGET_NAME)";
				TEST_HOST = "$(BUNDLE_LOADER)";
			};
			name = Debug;
		};
		87ACFCBD17610F9800E85FA4 /* Release */ = {
			isa = XCBuildConfiguration;
			buildSettings = {
				BUNDLE_LOADER = "$(BUILT_PRODUCTS_DIR)/newsApp.app/newsApp";
				FRAMEWORK_SEARCH_PATHS = (
					"\"$(SDKROOT)/Developer/Library/Frameworks\"",
					"\"$(DEVELOPER_LIBRARY_DIR)/Frameworks\"",
					"$(inherited)",
				);
				GCC_PRECOMPILE_PREFIX_HEADER = YES;
				GCC_PREFIX_HEADER = "newsApp/newsApp-Prefix.pch";
				INFOPLIST_FILE = "newsAppTests/newsAppTests-Info.plist";
				PRODUCT_NAME = "$(TARGET_NAME)";
				TEST_HOST = "$(BUNDLE_LOADER)";
			};
			name = Release;
		};
/* End XCBuildConfiguration section */

/* Begin XCConfigurationList section */
		87ACFC6D17610F9700E85FA4 /* Build configuration list for PBXProject "newsApp" */ = {
			isa = XCConfigurationList;
			buildConfigurations = (
				87ACFCB617610F9800E85FA4 /* Debug */,
				87ACFCB717610F9800E85FA4 /* Release */,
			);
			defaultConfigurationIsVisible = 0;
			defaultConfigurationName = Release;
		};
		87ACFCB817610F9800E85FA4 /* Build configuration list for PBXNativeTarget "newsApp" */ = {
			isa = XCConfigurationList;
			buildConfigurations = (
				87ACFCB917610F9800E85FA4 /* Debug */,
				87ACFCBA17610F9800E85FA4 /* Release */,
			);
			defaultConfigurationIsVisible = 0;
			defaultConfigurationName = Release;
		};
		87ACFCBB17610F9800E85FA4 /* Build configuration list for PBXNativeTarget "newsAppTests" */ = {
			isa = XCConfigurationList;
			buildConfigurations = (
				87ACFCBC17610F9800E85FA4 /* Debug */,
				87ACFCBD17610F9800E85FA4 /* Release */,
			);
			defaultConfigurationIsVisible = 0;
			defaultConfigurationName = Release;
		};
/* End XCConfigurationList section */

/* Begin XCVersionGroup section */
		87B0EC6E1769B92C003D8435 /* modeloNewsApp.xcdatamodeld */ = {
			isa = XCVersionGroup;
			children = (
				87B0EC6F1769B92C003D8435 /* modeloNewsApp.xcdatamodel */,
			);
			currentVersion = 87B0EC6F1769B92C003D8435 /* modeloNewsApp.xcdatamodel */;
			path = modeloNewsApp.xcdatamodeld;
			sourceTree = "<group>";
			versionGroupType = wrapper.xcdatamodel;
		};
/* End XCVersionGroup section */
	};
	rootObject = 87ACFC6A17610F9700E85FA4 /* Project object */;
}
